// !$*UTF8*$!
{
	archiveVersion = 1;
	classes = {
	};
	objectVersion = 46;
	objects = {

/* Begin PBXAggregateTarget section */
		"DocuCheck::DocuCheckPackageTests::ProductTarget" /* DocuCheckPackageTests */ = {
			isa = PBXAggregateTarget;
			buildConfigurationList = OBJ_31 /* Build configuration list for PBXAggregateTarget "DocuCheckPackageTests" */;
			buildPhases = (
			);
			dependencies = (
				OBJ_34 /* PBXTargetDependency */,
			);
			name = DocuCheckPackageTests;
			productName = DocuCheckPackageTests;
		};
/* End PBXAggregateTarget section */

/* Begin PBXBuildFile section */
		BF5B8762222581AB002FA7A8 /* SaveAllDocuments.swift in Sources */ = {isa = PBXBuildFile; fileRef = BF5B8761222581AB002FA7A8 /* SaveAllDocuments.swift */; };
		BF5B87642225BFF8002FA7A8 /* LinkStatistics.swift in Sources */ = {isa = PBXBuildFile; fileRef = BF5B87632225BFF8002FA7A8 /* LinkStatistics.swift */; };
		BF8053A32214556C006E2171 /* DocuCheckApplication.swift in Sources */ = {isa = PBXBuildFile; fileRef = BF8053A22214556C006E2171 /* DocuCheckApplication.swift */; };
		BF8053A522146568006E2171 /* CommandArguments.swift in Sources */ = {isa = PBXBuildFile; fileRef = BF8053A422146568006E2171 /* CommandArguments.swift */; };
		BF8053A722159AA0006E2171 /* StringPathExtensions.swift in Sources */ = {isa = PBXBuildFile; fileRef = BF8053A622159AA0006E2171 /* StringPathExtensions.swift */; };
		BF8053AD2215D8B3006E2171 /* MarkdownEntities.swift in Sources */ = {isa = PBXBuildFile; fileRef = BF8053AC2215D8B3006E2171 /* MarkdownEntities.swift */; };
		BF8053AF22170FC0006E2171 /* MarkdownLine.swift in Sources */ = {isa = PBXBuildFile; fileRef = BF8053AE22170FC0006E2171 /* MarkdownLine.swift */; };
		BF8053B3221AF39F006E2171 /* EntityIdGenerator.swift in Sources */ = {isa = PBXBuildFile; fileRef = BF8053B2221AF39F006E2171 /* EntityIdGenerator.swift */; };
		BF8053B5221B1712006E2171 /* DocumentationDatabase.swift in Sources */ = {isa = PBXBuildFile; fileRef = BF8053B4221B1712006E2171 /* DocumentationDatabase.swift */; };
		BF8053B7221B2335006E2171 /* DocumentationItem.swift in Sources */ = {isa = PBXBuildFile; fileRef = BF8053B6221B2335006E2171 /* DocumentationItem.swift */; };
		BF8053B9221B2F93006E2171 /* RepositoryContent.swift in Sources */ = {isa = PBXBuildFile; fileRef = BF8053B8221B2F93006E2171 /* RepositoryContent.swift */; };
		BF8053BB221DB2D9006E2171 /* MarkdownLineTests.swift in Sources */ = {isa = PBXBuildFile; fileRef = BF8053BA221DB2D9006E2171 /* MarkdownLineTests.swift */; };
		BF8053BC221DB8A8006E2171 /* MarkdownDocument.swift in Sources */ = {isa = PBXBuildFile; fileRef = BFB004F2220C70A800F2AF69 /* MarkdownDocument.swift */; };
		BF8053BD221DB8A8006E2171 /* MarkdownLine.swift in Sources */ = {isa = PBXBuildFile; fileRef = BF8053AE22170FC0006E2171 /* MarkdownLine.swift */; };
		BF8053BE221DB8A8006E2171 /* MarkdownEntities.swift in Sources */ = {isa = PBXBuildFile; fileRef = BF8053AC2215D8B3006E2171 /* MarkdownEntities.swift */; };
		BF8053BF221DB8A8006E2171 /* MarkdownParser.swift in Sources */ = {isa = PBXBuildFile; fileRef = BFB004F5220C71C300F2AF69 /* MarkdownParser.swift */; };
		BF8053C0221DB8A8006E2171 /* EntityIdGenerator.swift in Sources */ = {isa = PBXBuildFile; fileRef = BF8053B2221AF39F006E2171 /* EntityIdGenerator.swift */; };
		BF8053C1221DB8B5006E2171 /* Cmd.swift in Sources */ = {isa = PBXBuildFile; fileRef = BFB0050D220C99C100F2AF69 /* Cmd.swift */; };
		BF8053C2221DB8B5006E2171 /* Console.swift in Sources */ = {isa = PBXBuildFile; fileRef = BFB00517220D955B00F2AF69 /* Console.swift */; };
		BF8053C3221DB8B5006E2171 /* FS.swift in Sources */ = {isa = PBXBuildFile; fileRef = BFB0050F220C9E6200F2AF69 /* FS.swift */; };
		BF8053C4221DB8B5006E2171 /* CommandArguments.swift in Sources */ = {isa = PBXBuildFile; fileRef = BF8053A422146568006E2171 /* CommandArguments.swift */; };
		BF8053C5221DB8B5006E2171 /* StringPathExtensions.swift in Sources */ = {isa = PBXBuildFile; fileRef = BF8053A622159AA0006E2171 /* StringPathExtensions.swift */; };
		BF8053C6221DB8C1006E2171 /* DocumentSource.swift in Sources */ = {isa = PBXBuildFile; fileRef = BFB004F7220C729700F2AF69 /* DocumentSource.swift */; };
		BF8053C7221DB8C1006E2171 /* FileDocument.swift in Sources */ = {isa = PBXBuildFile; fileRef = BFB004F9220C732500F2AF69 /* FileDocument.swift */; };
		BF8053C8221DB8C1006E2171 /* StringDocument.swift in Sources */ = {isa = PBXBuildFile; fileRef = BFB004FB220C734D00F2AF69 /* StringDocument.swift */; };
		BF8053C9221DB8C1006E2171 /* DataDocument.swift in Sources */ = {isa = PBXBuildFile; fileRef = BFB0050A220C8BB300F2AF69 /* DataDocument.swift */; };
		BF8053CA221DB8C4006E2171 /* Config.swift in Sources */ = {isa = PBXBuildFile; fileRef = BFB00505220C7C1200F2AF69 /* Config.swift */; };
		BF8053CB221DB8C4006E2171 /* ConfigLoader.swift in Sources */ = {isa = PBXBuildFile; fileRef = BFB00500220C7A2F00F2AF69 /* ConfigLoader.swift */; };
		BF8053CD221EC2DD006E2171 /* MarkdownDocumentTests.swift in Sources */ = {isa = PBXBuildFile; fileRef = BF8053CC221EC2DD006E2171 /* MarkdownDocumentTests.swift */; };
		BF8053CF221EE199006E2171 /* UpdateRepositoryLinks.swift in Sources */ = {isa = PBXBuildFile; fileRef = BF8053CE221EE199006E2171 /* UpdateRepositoryLinks.swift */; };
		BF8053D2221EE341006E2171 /* UpdateDocumentTitles.swift in Sources */ = {isa = PBXBuildFile; fileRef = BF8053D1221EE341006E2171 /* UpdateDocumentTitles.swift */; };
		BF8053D422203C23006E2171 /* StringHelpers.swift in Sources */ = {isa = PBXBuildFile; fileRef = BF8053D322203C23006E2171 /* StringHelpers.swift */; };
		BFB004F3220C70A800F2AF69 /* MarkdownDocument.swift in Sources */ = {isa = PBXBuildFile; fileRef = BFB004F2220C70A800F2AF69 /* MarkdownDocument.swift */; };
		BFB004F6220C71C300F2AF69 /* MarkdownParser.swift in Sources */ = {isa = PBXBuildFile; fileRef = BFB004F5220C71C300F2AF69 /* MarkdownParser.swift */; };
		BFB004F8220C729800F2AF69 /* DocumentSource.swift in Sources */ = {isa = PBXBuildFile; fileRef = BFB004F7220C729700F2AF69 /* DocumentSource.swift */; };
		BFB004FA220C732500F2AF69 /* FileDocument.swift in Sources */ = {isa = PBXBuildFile; fileRef = BFB004F9220C732500F2AF69 /* FileDocument.swift */; };
		BFB004FC220C734D00F2AF69 /* StringDocument.swift in Sources */ = {isa = PBXBuildFile; fileRef = BFB004FB220C734D00F2AF69 /* StringDocument.swift */; };
		BFB00501220C7A2F00F2AF69 /* ConfigLoader.swift in Sources */ = {isa = PBXBuildFile; fileRef = BFB00500220C7A2F00F2AF69 /* ConfigLoader.swift */; };
		BFB00506220C7C1200F2AF69 /* Config.swift in Sources */ = {isa = PBXBuildFile; fileRef = BFB00505220C7C1200F2AF69 /* Config.swift */; };
		BFB00509220C883800F2AF69 /* DocumentationLoader.swift in Sources */ = {isa = PBXBuildFile; fileRef = BFB00508220C883800F2AF69 /* DocumentationLoader.swift */; };
		BFB0050B220C8BB300F2AF69 /* DataDocument.swift in Sources */ = {isa = PBXBuildFile; fileRef = BFB0050A220C8BB300F2AF69 /* DataDocument.swift */; };
		BFB0050E220C99C100F2AF69 /* Cmd.swift in Sources */ = {isa = PBXBuildFile; fileRef = BFB0050D220C99C100F2AF69 /* Cmd.swift */; };
		BFB00510220C9E6200F2AF69 /* FS.swift in Sources */ = {isa = PBXBuildFile; fileRef = BFB0050F220C9E6200F2AF69 /* FS.swift */; };
		BFB00518220D955B00F2AF69 /* Console.swift in Sources */ = {isa = PBXBuildFile; fileRef = BFB00517220D955B00F2AF69 /* Console.swift */; };
		OBJ_22 /* main.swift in Sources */ = {isa = PBXBuildFile; fileRef = OBJ_9 /* main.swift */; };
		OBJ_29 /* Package.swift in Sources */ = {isa = PBXBuildFile; fileRef = OBJ_6 /* Package.swift */; };
		OBJ_41 /* XCTestManifests.swift in Sources */ = {isa = PBXBuildFile; fileRef = OBJ_13 /* XCTestManifests.swift */; };
/* End PBXBuildFile section */

/* Begin PBXContainerItemProxy section */
		BFB004F0220C6F3600F2AF69 /* PBXContainerItemProxy */ = {
			isa = PBXContainerItemProxy;
			containerPortal = OBJ_1 /* Project object */;
			proxyType = 1;
			remoteGlobalIDString = "DocuCheck::DocuCheck";
			remoteInfo = DocuCheck;
		};
		BFB004F1220C6F3900F2AF69 /* PBXContainerItemProxy */ = {
			isa = PBXContainerItemProxy;
			containerPortal = OBJ_1 /* Project object */;
			proxyType = 1;
			remoteGlobalIDString = "DocuCheck::DocuCheckTests";
			remoteInfo = DocuCheckTests;
		};
/* End PBXContainerItemProxy section */

/* Begin PBXFileReference section */
		BF5B8761222581AB002FA7A8 /* SaveAllDocuments.swift */ = {isa = PBXFileReference; lastKnownFileType = sourcecode.swift; path = SaveAllDocuments.swift; sourceTree = "<group>"; };
		BF5B87632225BFF8002FA7A8 /* LinkStatistics.swift */ = {isa = PBXFileReference; lastKnownFileType = sourcecode.swift; path = LinkStatistics.swift; sourceTree = "<group>"; };
		BF8053A22214556C006E2171 /* DocuCheckApplication.swift */ = {isa = PBXFileReference; lastKnownFileType = sourcecode.swift; path = DocuCheckApplication.swift; sourceTree = "<group>"; };
		BF8053A422146568006E2171 /* CommandArguments.swift */ = {isa = PBXFileReference; lastKnownFileType = sourcecode.swift; path = CommandArguments.swift; sourceTree = "<group>"; };
		BF8053A622159AA0006E2171 /* StringPathExtensions.swift */ = {isa = PBXFileReference; lastKnownFileType = sourcecode.swift; path = StringPathExtensions.swift; sourceTree = "<group>"; };
		BF8053AC2215D8B3006E2171 /* MarkdownEntities.swift */ = {isa = PBXFileReference; lastKnownFileType = sourcecode.swift; path = MarkdownEntities.swift; sourceTree = "<group>"; };
		BF8053AE22170FC0006E2171 /* MarkdownLine.swift */ = {isa = PBXFileReference; lastKnownFileType = sourcecode.swift; path = MarkdownLine.swift; sourceTree = "<group>"; };
		BF8053B2221AF39F006E2171 /* EntityIdGenerator.swift */ = {isa = PBXFileReference; lastKnownFileType = sourcecode.swift; path = EntityIdGenerator.swift; sourceTree = "<group>"; };
		BF8053B4221B1712006E2171 /* DocumentationDatabase.swift */ = {isa = PBXFileReference; lastKnownFileType = sourcecode.swift; path = DocumentationDatabase.swift; sourceTree = "<group>"; };
		BF8053B6221B2335006E2171 /* DocumentationItem.swift */ = {isa = PBXFileReference; lastKnownFileType = sourcecode.swift; path = DocumentationItem.swift; sourceTree = "<group>"; };
		BF8053B8221B2F93006E2171 /* RepositoryContent.swift */ = {isa = PBXFileReference; lastKnownFileType = sourcecode.swift; path = RepositoryContent.swift; sourceTree = "<group>"; };
		BF8053BA221DB2D9006E2171 /* MarkdownLineTests.swift */ = {isa = PBXFileReference; lastKnownFileType = sourcecode.swift; path = MarkdownLineTests.swift; sourceTree = "<group>"; };
		BF8053CC221EC2DD006E2171 /* MarkdownDocumentTests.swift */ = {isa = PBXFileReference; lastKnownFileType = sourcecode.swift; path = MarkdownDocumentTests.swift; sourceTree = "<group>"; };
		BF8053CE221EE199006E2171 /* UpdateRepositoryLinks.swift */ = {isa = PBXFileReference; lastKnownFileType = sourcecode.swift; path = UpdateRepositoryLinks.swift; sourceTree = "<group>"; };
		BF8053D1221EE341006E2171 /* UpdateDocumentTitles.swift */ = {isa = PBXFileReference; lastKnownFileType = sourcecode.swift; path = UpdateDocumentTitles.swift; sourceTree = "<group>"; };
		BF8053D322203C23006E2171 /* StringHelpers.swift */ = {isa = PBXFileReference; lastKnownFileType = sourcecode.swift; path = StringHelpers.swift; sourceTree = "<group>"; };
		BFB004F2220C70A800F2AF69 /* MarkdownDocument.swift */ = {isa = PBXFileReference; lastKnownFileType = sourcecode.swift; path = MarkdownDocument.swift; sourceTree = "<group>"; usesTabs = 0; };
		BFB004F5220C71C300F2AF69 /* MarkdownParser.swift */ = {isa = PBXFileReference; lastKnownFileType = sourcecode.swift; path = MarkdownParser.swift; sourceTree = "<group>"; };
		BFB004F7220C729700F2AF69 /* DocumentSource.swift */ = {isa = PBXFileReference; lastKnownFileType = sourcecode.swift; path = DocumentSource.swift; sourceTree = "<group>"; };
		BFB004F9220C732500F2AF69 /* FileDocument.swift */ = {isa = PBXFileReference; lastKnownFileType = sourcecode.swift; path = FileDocument.swift; sourceTree = "<group>"; };
		BFB004FB220C734D00F2AF69 /* StringDocument.swift */ = {isa = PBXFileReference; lastKnownFileType = sourcecode.swift; path = StringDocument.swift; sourceTree = "<group>"; };
		BFB00500220C7A2F00F2AF69 /* ConfigLoader.swift */ = {isa = PBXFileReference; lastKnownFileType = sourcecode.swift; path = ConfigLoader.swift; sourceTree = "<group>"; };
		BFB00505220C7C1200F2AF69 /* Config.swift */ = {isa = PBXFileReference; lastKnownFileType = sourcecode.swift; path = Config.swift; sourceTree = "<group>"; };
		BFB00508220C883800F2AF69 /* DocumentationLoader.swift */ = {isa = PBXFileReference; lastKnownFileType = sourcecode.swift; path = DocumentationLoader.swift; sourceTree = "<group>"; };
		BFB0050A220C8BB300F2AF69 /* DataDocument.swift */ = {isa = PBXFileReference; lastKnownFileType = sourcecode.swift; path = DataDocument.swift; sourceTree = "<group>"; };
		BFB0050D220C99C100F2AF69 /* Cmd.swift */ = {isa = PBXFileReference; lastKnownFileType = sourcecode.swift; path = Cmd.swift; sourceTree = "<group>"; };
		BFB0050F220C9E6200F2AF69 /* FS.swift */ = {isa = PBXFileReference; lastKnownFileType = sourcecode.swift; path = FS.swift; sourceTree = "<group>"; };
		BFB00517220D955B00F2AF69 /* Console.swift */ = {isa = PBXFileReference; lastKnownFileType = sourcecode.swift; path = Console.swift; sourceTree = "<group>"; };
		"DocuCheck::DocuCheck::Product" /* DocuCheck */ = {isa = PBXFileReference; explicitFileType = "compiled.mach-o.executable"; path = DocuCheck; sourceTree = BUILT_PRODUCTS_DIR; };
		"DocuCheck::DocuCheckTests::Product" /* DocuCheckTests.xctest */ = {isa = PBXFileReference; explicitFileType = wrapper.cfbundle; path = DocuCheckTests.xctest; sourceTree = BUILT_PRODUCTS_DIR; };
		OBJ_13 /* XCTestManifests.swift */ = {isa = PBXFileReference; lastKnownFileType = sourcecode.swift; path = XCTestManifests.swift; sourceTree = "<group>"; };
		OBJ_6 /* Package.swift */ = {isa = PBXFileReference; explicitFileType = sourcecode.swift; path = Package.swift; sourceTree = "<group>"; };
		OBJ_9 /* main.swift */ = {isa = PBXFileReference; lastKnownFileType = sourcecode.swift; path = main.swift; sourceTree = "<group>"; };
/* End PBXFileReference section */

/* Begin PBXFrameworksBuildPhase section */
		OBJ_23 /* Frameworks */ = {
			isa = PBXFrameworksBuildPhase;
			buildActionMask = 0;
			files = (
			);
			runOnlyForDeploymentPostprocessing = 0;
		};
		OBJ_42 /* Frameworks */ = {
			isa = PBXFrameworksBuildPhase;
			buildActionMask = 0;
			files = (
			);
			runOnlyForDeploymentPostprocessing = 0;
		};
/* End PBXFrameworksBuildPhase section */

/* Begin PBXGroup section */
		BF8053D0221EE2AB006E2171 /* DatabaseOperations */ = {
			isa = PBXGroup;
			children = (
				BF8053CE221EE199006E2171 /* UpdateRepositoryLinks.swift */,
				BF8053D1221EE341006E2171 /* UpdateDocumentTitles.swift */,
				BF5B8761222581AB002FA7A8 /* SaveAllDocuments.swift */,
				BF5B87632225BFF8002FA7A8 /* LinkStatistics.swift */,
			);
			path = DatabaseOperations;
			sourceTree = "<group>";
		};
		BFB004F4220C71AB00F2AF69 /* Markdown */ = {
			isa = PBXGroup;
			children = (
				BFB004F2220C70A800F2AF69 /* MarkdownDocument.swift */,
				BF8053AE22170FC0006E2171 /* MarkdownLine.swift */,
				BF8053AC2215D8B3006E2171 /* MarkdownEntities.swift */,
				BFB004F5220C71C300F2AF69 /* MarkdownParser.swift */,
				BF8053B2221AF39F006E2171 /* EntityIdGenerator.swift */,
			);
			path = Markdown;
			sourceTree = "<group>";
		};
		BFB004FD220C792000F2AF69 /* Document */ = {
			isa = PBXGroup;
			children = (
				BFB004F7220C729700F2AF69 /* DocumentSource.swift */,
				BFB004F9220C732500F2AF69 /* FileDocument.swift */,
				BFB004FB220C734D00F2AF69 /* StringDocument.swift */,
				BFB0050A220C8BB300F2AF69 /* DataDocument.swift */,
			);
			path = Document;
			sourceTree = "<group>";
		};
		BFB004FF220C7A1B00F2AF69 /* Config */ = {
			isa = PBXGroup;
			children = (
				BFB00505220C7C1200F2AF69 /* Config.swift */,
				BFB00500220C7A2F00F2AF69 /* ConfigLoader.swift */,
			);
			path = Config;
			sourceTree = "<group>";
		};
		BFB00507220C875E00F2AF69 /* Application */ = {
			isa = PBXGroup;
			children = (
				BF8053D0221EE2AB006E2171 /* DatabaseOperations */,
				BF8053A22214556C006E2171 /* DocuCheckApplication.swift */,
				BFB00508220C883800F2AF69 /* DocumentationLoader.swift */,
				BF8053B4221B1712006E2171 /* DocumentationDatabase.swift */,
				BF8053B6221B2335006E2171 /* DocumentationItem.swift */,
				BF8053B8221B2F93006E2171 /* RepositoryContent.swift */,
			);
			path = Application;
			sourceTree = "<group>";
		};
		BFB0050C220C99AB00F2AF69 /* Utility */ = {
			isa = PBXGroup;
			children = (
				BFB0050D220C99C100F2AF69 /* Cmd.swift */,
				BFB00517220D955B00F2AF69 /* Console.swift */,
				BFB0050F220C9E6200F2AF69 /* FS.swift */,
				BF8053A422146568006E2171 /* CommandArguments.swift */,
				BF8053A622159AA0006E2171 /* StringPathExtensions.swift */,
				BF8053D322203C23006E2171 /* StringHelpers.swift */,
			);
			path = Utility;
			sourceTree = "<group>";
		};
		OBJ_10 /* Tests */ = {
			isa = PBXGroup;
			children = (
				OBJ_11 /* DocuCheckTests */,
			);
			name = Tests;
			sourceTree = SOURCE_ROOT;
		};
		OBJ_11 /* DocuCheckTests */ = {
			isa = PBXGroup;
			children = (
				BF8053BA221DB2D9006E2171 /* MarkdownLineTests.swift */,
				BF8053CC221EC2DD006E2171 /* MarkdownDocumentTests.swift */,
				OBJ_13 /* XCTestManifests.swift */,
			);
			name = DocuCheckTests;
			path = Tests/DocuCheckTests;
			sourceTree = SOURCE_ROOT;
		};
		OBJ_14 /* Products */ = {
			isa = PBXGroup;
			children = (
				"DocuCheck::DocuCheckTests::Product" /* DocuCheckTests.xctest */,
				"DocuCheck::DocuCheck::Product" /* DocuCheck */,
			);
			name = Products;
			sourceTree = BUILT_PRODUCTS_DIR;
		};
		OBJ_5 = {
			isa = PBXGroup;
			children = (
				OBJ_6 /* Package.swift */,
				OBJ_7 /* Sources */,
				OBJ_10 /* Tests */,
				OBJ_14 /* Products */,
			);
			sourceTree = "<group>";
			usesTabs = 0;
		};
		OBJ_7 /* Sources */ = {
			isa = PBXGroup;
			children = (
				OBJ_8 /* DocuCheck */,
			);
			name = Sources;
			sourceTree = SOURCE_ROOT;
		};
		OBJ_8 /* DocuCheck */ = {
			isa = PBXGroup;
			children = (
				BFB00507220C875E00F2AF69 /* Application */,
				BFB004FF220C7A1B00F2AF69 /* Config */,
				BFB004FD220C792000F2AF69 /* Document */,
				BFB004F4220C71AB00F2AF69 /* Markdown */,
				BFB0050C220C99AB00F2AF69 /* Utility */,
				OBJ_9 /* main.swift */,
			);
			name = DocuCheck;
			path = Sources/DocuCheck;
			sourceTree = SOURCE_ROOT;
		};
/* End PBXGroup section */

/* Begin PBXNativeTarget section */
		"DocuCheck::DocuCheck" /* DocuCheck */ = {
			isa = PBXNativeTarget;
			buildConfigurationList = OBJ_18 /* Build configuration list for PBXNativeTarget "DocuCheck" */;
			buildPhases = (
				OBJ_21 /* Sources */,
				OBJ_23 /* Frameworks */,
			);
			buildRules = (
			);
			dependencies = (
			);
			name = DocuCheck;
			productName = DocuCheck;
			productReference = "DocuCheck::DocuCheck::Product" /* DocuCheck */;
			productType = "com.apple.product-type.tool";
		};
		"DocuCheck::DocuCheckTests" /* DocuCheckTests */ = {
			isa = PBXNativeTarget;
			buildConfigurationList = OBJ_36 /* Build configuration list for PBXNativeTarget "DocuCheckTests" */;
			buildPhases = (
				OBJ_39 /* Sources */,
				OBJ_42 /* Frameworks */,
			);
			buildRules = (
			);
			dependencies = (
				OBJ_43 /* PBXTargetDependency */,
			);
			name = DocuCheckTests;
			productName = DocuCheckTests;
			productReference = "DocuCheck::DocuCheckTests::Product" /* DocuCheckTests.xctest */;
			productType = "com.apple.product-type.bundle.unit-test";
		};
		"DocuCheck::SwiftPMPackageDescription" /* DocuCheckPackageDescription */ = {
			isa = PBXNativeTarget;
			buildConfigurationList = OBJ_25 /* Build configuration list for PBXNativeTarget "DocuCheckPackageDescription" */;
			buildPhases = (
				OBJ_28 /* Sources */,
			);
			buildRules = (
			);
			dependencies = (
			);
			name = DocuCheckPackageDescription;
			productName = DocuCheckPackageDescription;
			productType = "com.apple.product-type.framework";
		};
/* End PBXNativeTarget section */

/* Begin PBXProject section */
		OBJ_1 /* Project object */ = {
			isa = PBXProject;
			attributes = {
				LastUpgradeCheck = 9999;
			};
			buildConfigurationList = OBJ_2 /* Build configuration list for PBXProject "DocuCheck" */;
			compatibilityVersion = "Xcode 3.2";
			developmentRegion = English;
			hasScannedForEncodings = 0;
			knownRegions = (
				en,
			);
			mainGroup = OBJ_5;
			productRefGroup = OBJ_14 /* Products */;
			projectDirPath = "";
			projectRoot = "";
			targets = (
				"DocuCheck::DocuCheck" /* DocuCheck */,
				"DocuCheck::SwiftPMPackageDescription" /* DocuCheckPackageDescription */,
				"DocuCheck::DocuCheckPackageTests::ProductTarget" /* DocuCheckPackageTests */,
				"DocuCheck::DocuCheckTests" /* DocuCheckTests */,
			);
		};
/* End PBXProject section */

/* Begin PBXSourcesBuildPhase section */
		OBJ_21 /* Sources */ = {
			isa = PBXSourcesBuildPhase;
			buildActionMask = 0;
			files = (
				BF8053AD2215D8B3006E2171 /* MarkdownEntities.swift in Sources */,
				BF8053B3221AF39F006E2171 /* EntityIdGenerator.swift in Sources */,
				BFB00509220C883800F2AF69 /* DocumentationLoader.swift in Sources */,
				BFB004F3220C70A800F2AF69 /* MarkdownDocument.swift in Sources */,
				BF8053CF221EE199006E2171 /* UpdateRepositoryLinks.swift in Sources */,
				BFB0050E220C99C100F2AF69 /* Cmd.swift in Sources */,
				BFB004FC220C734D00F2AF69 /* StringDocument.swift in Sources */,
				BFB00510220C9E6200F2AF69 /* FS.swift in Sources */,
				BFB00506220C7C1200F2AF69 /* Config.swift in Sources */,
				BF8053D2221EE341006E2171 /* UpdateDocumentTitles.swift in Sources */,
				OBJ_22 /* main.swift in Sources */,
				BF8053B9221B2F93006E2171 /* RepositoryContent.swift in Sources */,
				BF8053B5221B1712006E2171 /* DocumentationDatabase.swift in Sources */,
				BF8053A522146568006E2171 /* CommandArguments.swift in Sources */,
				BF8053A722159AA0006E2171 /* StringPathExtensions.swift in Sources */,
				BFB004F6220C71C300F2AF69 /* MarkdownParser.swift in Sources */,
				BF5B87642225BFF8002FA7A8 /* LinkStatistics.swift in Sources */,
				BF8053A32214556C006E2171 /* DocuCheckApplication.swift in Sources */,
				BF8053AF22170FC0006E2171 /* MarkdownLine.swift in Sources */,
				BFB0050B220C8BB300F2AF69 /* DataDocument.swift in Sources */,
				BFB004FA220C732500F2AF69 /* FileDocument.swift in Sources */,
				BF8053D422203C23006E2171 /* StringHelpers.swift in Sources */,
				BFB00518220D955B00F2AF69 /* Console.swift in Sources */,
				BF8053B7221B2335006E2171 /* DocumentationItem.swift in Sources */,
				BFB004F8220C729800F2AF69 /* DocumentSource.swift in Sources */,
				BFB00501220C7A2F00F2AF69 /* ConfigLoader.swift in Sources */,
				BF5B8762222581AB002FA7A8 /* SaveAllDocuments.swift in Sources */,
			);
			runOnlyForDeploymentPostprocessing = 0;
		};
		OBJ_28 /* Sources */ = {
			isa = PBXSourcesBuildPhase;
			buildActionMask = 0;
			files = (
				OBJ_29 /* Package.swift in Sources */,
			);
			runOnlyForDeploymentPostprocessing = 0;
		};
		OBJ_39 /* Sources */ = {
			isa = PBXSourcesBuildPhase;
			buildActionMask = 0;
			files = (
				BF8053C1221DB8B5006E2171 /* Cmd.swift in Sources */,
				BF8053C8221DB8C1006E2171 /* StringDocument.swift in Sources */,
				BF8053BD221DB8A8006E2171 /* MarkdownLine.swift in Sources */,
				OBJ_41 /* XCTestManifests.swift in Sources */,
				BF8053CB221DB8C4006E2171 /* ConfigLoader.swift in Sources */,
				BF8053CA221DB8C4006E2171 /* Config.swift in Sources */,
				BF8053BE221DB8A8006E2171 /* MarkdownEntities.swift in Sources */,
				BF8053C2221DB8B5006E2171 /* Console.swift in Sources */,
				BF8053C9221DB8C1006E2171 /* DataDocument.swift in Sources */,
				BF8053C5221DB8B5006E2171 /* StringPathExtensions.swift in Sources */,
				BF8053BB221DB2D9006E2171 /* MarkdownLineTests.swift in Sources */,
				BF8053C6221DB8C1006E2171 /* DocumentSource.swift in Sources */,
				BF8053BC221DB8A8006E2171 /* MarkdownDocument.swift in Sources */,
				BF8053BF221DB8A8006E2171 /* MarkdownParser.swift in Sources */,
				BF8053C4221DB8B5006E2171 /* CommandArguments.swift in Sources */,
				BF8053CD221EC2DD006E2171 /* MarkdownDocumentTests.swift in Sources */,
				BF8053C3221DB8B5006E2171 /* FS.swift in Sources */,
				BF8053C7221DB8C1006E2171 /* FileDocument.swift in Sources */,
				BF8053C0221DB8A8006E2171 /* EntityIdGenerator.swift in Sources */,
			);
			runOnlyForDeploymentPostprocessing = 0;
		};
/* End PBXSourcesBuildPhase section */

/* Begin PBXTargetDependency section */
		OBJ_34 /* PBXTargetDependency */ = {
			isa = PBXTargetDependency;
			target = "DocuCheck::DocuCheckTests" /* DocuCheckTests */;
			targetProxy = BFB004F1220C6F3900F2AF69 /* PBXContainerItemProxy */;
		};
		OBJ_43 /* PBXTargetDependency */ = {
			isa = PBXTargetDependency;
			target = "DocuCheck::DocuCheck" /* DocuCheck */;
			targetProxy = BFB004F0220C6F3600F2AF69 /* PBXContainerItemProxy */;
		};
/* End PBXTargetDependency section */

/* Begin XCBuildConfiguration section */
		OBJ_19 /* Debug */ = {
			isa = XCBuildConfiguration;
			buildSettings = {
				ENABLE_TESTABILITY = YES;
				FRAMEWORK_SEARCH_PATHS = (
					"$(inherited)",
					"$(PLATFORM_DIR)/Developer/Library/Frameworks",
				);
				HEADER_SEARCH_PATHS = "$(inherited)";
				INFOPLIST_FILE = DocuCheck.xcodeproj/DocuCheck_Info.plist;
				LD_RUNPATH_SEARCH_PATHS = "$(inherited) $(TOOLCHAIN_DIR)/usr/lib/swift/macosx @executable_path";
				OTHER_CFLAGS = "$(inherited)";
				OTHER_LDFLAGS = "$(inherited)";
				OTHER_SWIFT_FLAGS = "$(inherited)";
				SWIFT_ACTIVE_COMPILATION_CONDITIONS = "$(inherited)";
				SWIFT_FORCE_DYNAMIC_LINK_STDLIB = YES;
				SWIFT_FORCE_STATIC_LINK_STDLIB = NO;
				SWIFT_VERSION = 4.2;
				TARGET_NAME = DocuCheck;
			};
			name = Debug;
		};
		OBJ_20 /* Release */ = {
			isa = XCBuildConfiguration;
			buildSettings = {
				ENABLE_TESTABILITY = NO;
				FRAMEWORK_SEARCH_PATHS = (
					"$(inherited)",
					"$(PLATFORM_DIR)/Developer/Library/Frameworks",
				);
				HEADER_SEARCH_PATHS = "$(inherited)";
				INFOPLIST_FILE = DocuCheck.xcodeproj/DocuCheck_Info.plist;
				LD_RUNPATH_SEARCH_PATHS = "$(inherited) $(TOOLCHAIN_DIR)/usr/lib/swift/macosx @executable_path";
				OTHER_CFLAGS = "$(inherited)";
				OTHER_LDFLAGS = "$(inherited)";
				OTHER_SWIFT_FLAGS = "$(inherited)";
				SWIFT_ACTIVE_COMPILATION_CONDITIONS = "$(inherited)";
				SWIFT_FORCE_DYNAMIC_LINK_STDLIB = YES;
				SWIFT_FORCE_STATIC_LINK_STDLIB = NO;
				SWIFT_VERSION = 4.2;
				TARGET_NAME = DocuCheck;
			};
			name = Release;
		};
		OBJ_26 /* Debug */ = {
			isa = XCBuildConfiguration;
			buildSettings = {
				LD = /usr/bin/true;
				OTHER_SWIFT_FLAGS = "-swift-version 4.2 -I $(TOOLCHAIN_DIR)/usr/lib/swift/pm/4_2 -target x86_64-apple-macosx10.10 -sdk /Applications/Xcode.app/Contents/Developer/Platforms/MacOSX.platform/Developer/SDKs/MacOSX10.14.sdk";
				SWIFT_VERSION = 4.2;
			};
			name = Debug;
		};
		OBJ_27 /* Release */ = {
			isa = XCBuildConfiguration;
			buildSettings = {
				LD = /usr/bin/true;
				OTHER_SWIFT_FLAGS = "-swift-version 4.2 -I $(TOOLCHAIN_DIR)/usr/lib/swift/pm/4_2 -target x86_64-apple-macosx10.10 -sdk /Applications/Xcode.app/Contents/Developer/Platforms/MacOSX.platform/Developer/SDKs/MacOSX10.14.sdk";
				SWIFT_VERSION = 4.2;
			};
			name = Release;
		};
		OBJ_3 /* Debug */ = {
			isa = XCBuildConfiguration;
			buildSettings = {
				CLANG_ENABLE_OBJC_ARC = YES;
				COMBINE_HIDPI_IMAGES = YES;
				COPY_PHASE_STRIP = NO;
				DEBUG_INFORMATION_FORMAT = dwarf;
				DYLIB_INSTALL_NAME_BASE = "@rpath";
				ENABLE_NS_ASSERTIONS = YES;
				GCC_OPTIMIZATION_LEVEL = 0;
				GCC_PREPROCESSOR_DEFINITIONS = (
					"DEBUG=1",
					"$(inherited)",
				);
				MACOSX_DEPLOYMENT_TARGET = 10.10;
				ONLY_ACTIVE_ARCH = YES;
				OTHER_SWIFT_FLAGS = "-DXcode";
				PRODUCT_NAME = "$(TARGET_NAME)";
				SDKROOT = macosx;
				SUPPORTED_PLATFORMS = "macosx iphoneos iphonesimulator appletvos appletvsimulator watchos watchsimulator";
				SWIFT_ACTIVE_COMPILATION_CONDITIONS = "SWIFT_PACKAGE DEBUG";
				SWIFT_OPTIMIZATION_LEVEL = "-Onone";
				USE_HEADERMAP = NO;
			};
			name = Debug;
		};
		OBJ_32 /* Debug */ = {
			isa = XCBuildConfiguration;
			buildSettings = {
			};
			name = Debug;
		};
		OBJ_33 /* Release */ = {
			isa = XCBuildConfiguration;
			buildSettings = {
			};
			name = Release;
		};
		OBJ_37 /* Debug */ = {
			isa = XCBuildConfiguration;
			buildSettings = {
				CLANG_ENABLE_MODULES = YES;
				EMBEDDED_CONTENT_CONTAINS_SWIFT = YES;
				ENABLE_TESTABILITY = YES;
				FRAMEWORK_SEARCH_PATHS = (
					"$(inherited)",
					"$(PLATFORM_DIR)/Developer/Library/Frameworks",
				);
				HEADER_SEARCH_PATHS = "$(inherited)";
				INFOPLIST_FILE = DocuCheck.xcodeproj/DocuCheckTests_Info.plist;
				LD_RUNPATH_SEARCH_PATHS = "$(inherited) @loader_path/../Frameworks @loader_path/Frameworks";
				OTHER_CFLAGS = "$(inherited)";
				OTHER_LDFLAGS = "$(inherited)";
				OTHER_SWIFT_FLAGS = "$(inherited)";
				SWIFT_ACTIVE_COMPILATION_CONDITIONS = "$(inherited)";
				SWIFT_VERSION = 4.2;
				TARGET_NAME = DocuCheckTests;
			};
			name = Debug;
		};
		OBJ_38 /* Release */ = {
			isa = XCBuildConfiguration;
			buildSettings = {
				CLANG_ENABLE_MODULES = YES;
				EMBEDDED_CONTENT_CONTAINS_SWIFT = YES;
				ENABLE_TESTABILITY = NO;
				FRAMEWORK_SEARCH_PATHS = (
					"$(inherited)",
					"$(PLATFORM_DIR)/Developer/Library/Frameworks",
				);
				HEADER_SEARCH_PATHS = "$(inherited)";
				INFOPLIST_FILE = DocuCheck.xcodeproj/DocuCheckTests_Info.plist;
				LD_RUNPATH_SEARCH_PATHS = "$(inherited) @loader_path/../Frameworks @loader_path/Frameworks";
				OTHER_CFLAGS = "$(inherited)";
				OTHER_LDFLAGS = "$(inherited)";
				OTHER_SWIFT_FLAGS = "$(inherited)";
				SWIFT_ACTIVE_COMPILATION_CONDITIONS = "$(inherited)";
				SWIFT_VERSION = 4.2;
				TARGET_NAME = DocuCheckTests;
			};
			name = Release;
		};
		OBJ_4 /* Release */ = {
			isa = XCBuildConfiguration;
			buildSettings = {
				CLANG_ENABLE_OBJC_ARC = YES;
				COMBINE_HIDPI_IMAGES = YES;
				COPY_PHASE_STRIP = YES;
				DEBUG_INFORMATION_FORMAT = "dwarf-with-dsym";
				DYLIB_INSTALL_NAME_BASE = "@rpath";
				GCC_OPTIMIZATION_LEVEL = s;
				MACOSX_DEPLOYMENT_TARGET = 10.10;
				OTHER_SWIFT_FLAGS = "-DXcode";
				PRODUCT_NAME = "$(TARGET_NAME)";
				SDKROOT = macosx;
				SUPPORTED_PLATFORMS = "macosx iphoneos iphonesimulator appletvos appletvsimulator watchos watchsimulator";
				SWIFT_ACTIVE_COMPILATION_CONDITIONS = SWIFT_PACKAGE;
				SWIFT_OPTIMIZATION_LEVEL = "-Owholemodule";
				USE_HEADERMAP = NO;
			};
			name = Release;
		};
/* End XCBuildConfiguration section */

/* Begin XCConfigurationList section */
		OBJ_18 /* Build configuration list for PBXNativeTarget "DocuCheck" */ = {
			isa = XCConfigurationList;
			buildConfigurations = (
				OBJ_19 /* Debug */,
				OBJ_20 /* Release */,
			);
			defaultConfigurationIsVisible = 0;
			defaultConfigurationName = Release;
		};
		OBJ_2 /* Build configuration list for PBXProject "DocuCheck" */ = {
			isa = XCConfigurationList;
			buildConfigurations = (
				OBJ_3 /* Debug */,
				OBJ_4 /* Release */,
			);
			defaultConfigurationIsVisible = 0;
			defaultConfigurationName = Release;
		};
		OBJ_25 /* Build configuration list for PBXNativeTarget "DocuCheckPackageDescription" */ = {
			isa = XCConfigurationList;
			buildConfigurations = (
				OBJ_26 /* Debug */,
				OBJ_27 /* Release */,
			);
			defaultConfigurationIsVisible = 0;
			defaultConfigurationName = Release;
		};
		OBJ_31 /* Build configuration list for PBXAggregateTarget "DocuCheckPackageTests" */ = {
			isa = XCConfigurationList;
			buildConfigurations = (
				OBJ_32 /* Debug */,
				OBJ_33 /* Release */,
			);
			defaultConfigurationIsVisible = 0;
			defaultConfigurationName = Release;
		};
		OBJ_36 /* Build configuration list for PBXNativeTarget "DocuCheckTests" */ = {
			isa = XCConfigurationList;
			buildConfigurations = (
				OBJ_37 /* Debug */,
				OBJ_38 /* Release */,
			);
			defaultConfigurationIsVisible = 0;
			defaultConfigurationName = Release;
		};
/* End XCConfigurationList section */
	};
	rootObject = OBJ_1 /* Project object */;
}
